<?xml version="1.0" encoding="UTF-8" standalone="yes" ?>
<CodeBlocks_project_file>
   <FileVersion major="1" minor="6" />
   <Project>
      <Option title="AISDI_Maps" />
      <Option makefile_is_custom="1" />
      <Option compiler="gcc" />
      <Option virtualFolders="CMake Files\;CMake Files\src\;CMake Files\tests\;" />
      <Build>
      <Target title="all">
         <Option working_dir="/home/mion/s/143/kkamins1/Desktop/Mapy/Debug" />
         <Option type="4" />
         <MakeCommands>
            <Build command="/usr/bin/make -f &quot;/home/mion/s/143/kkamins1/Desktop/Mapy/Debug/Makefile&quot; all" />
            <CompileFile command="/usr/bin/make -f &quot;/home/mion/s/143/kkamins1/Desktop/Mapy/Debug/Makefile&quot; &quot;$file&quot;" />
            <Clean command="/usr/bin/make -f &quot;/home/mion/s/143/kkamins1/Desktop/Mapy/Debug/Makefile&quot; clean" />
            <DistClean command="/usr/bin/make -f &quot;/home/mion/s/143/kkamins1/Desktop/Mapy/Debug/Makefile&quot; clean" />
         </MakeCommands>
      </Target>
      <Target title="Continuous">
         <Option working_dir="/home/mion/s/143/kkamins1/Desktop/Mapy/Debug" />
         <Option type="4" />
         <MakeCommands>
            <Build command="/usr/bin/make -f &quot;/home/mion/s/143/kkamins1/Desktop/Mapy/Debug/Makefile&quot; Continuous" />
            <CompileFile command="/usr/bin/make -f &quot;/home/mion/s/143/kkamins1/Desktop/Mapy/Debug/Makefile&quot; &quot;$file&quot;" />
            <Clean command="/usr/bin/make -f &quot;/home/mion/s/143/kkamins1/Desktop/Mapy/Debug/Makefile&quot; clean" />
            <DistClean command="/usr/bin/make -f &quot;/home/mion/s/143/kkamins1/Desktop/Mapy/Debug/Makefile&quot; clean" />
         </MakeCommands>
      </Target>
      <Target title="Experimental">
         <Option working_dir="/home/mion/s/143/kkamins1/Desktop/Mapy/Debug" />
         <Option type="4" />
         <MakeCommands>
            <Build command="/usr/bin/make -f &quot;/home/mion/s/143/kkamins1/Desktop/Mapy/Debug/Makefile&quot; Experimental" />
            <CompileFile command="/usr/bin/make -f &quot;/home/mion/s/143/kkamins1/Desktop/Mapy/Debug/Makefile&quot; &quot;$file&quot;" />
            <Clean command="/usr/bin/make -f &quot;/home/mion/s/143/kkamins1/Desktop/Mapy/Debug/Makefile&quot; clean" />
            <DistClean command="/usr/bin/make -f &quot;/home/mion/s/143/kkamins1/Desktop/Mapy/Debug/Makefile&quot; clean" />
         </MakeCommands>
      </Target>
      <Target title="Nightly">
         <Option working_dir="/home/mion/s/143/kkamins1/Desktop/Mapy/Debug" />
         <Option type="4" />
         <MakeCommands>
            <Build command="/usr/bin/make -f &quot;/home/mion/s/143/kkamins1/Desktop/Mapy/Debug/Makefile&quot; Nightly" />
            <CompileFile command="/usr/bin/make -f &quot;/home/mion/s/143/kkamins1/Desktop/Mapy/Debug/Makefile&quot; &quot;$file&quot;" />
            <Clean command="/usr/bin/make -f &quot;/home/mion/s/143/kkamins1/Desktop/Mapy/Debug/Makefile&quot; clean" />
            <DistClean command="/usr/bin/make -f &quot;/home/mion/s/143/kkamins1/Desktop/Mapy/Debug/Makefile&quot; clean" />
         </MakeCommands>
      </Target>
      <Target title="rebuild_cache">
         <Option working_dir="/home/mion/s/143/kkamins1/Desktop/Mapy/Debug" />
         <Option type="4" />
         <MakeCommands>
            <Build command="/usr/bin/make -f &quot;/home/mion/s/143/kkamins1/Desktop/Mapy/Debug/Makefile&quot; rebuild_cache" />
            <CompileFile command="/usr/bin/make -f &quot;/home/mion/s/143/kkamins1/Desktop/Mapy/Debug/Makefile&quot; &quot;$file&quot;" />
            <Clean command="/usr/bin/make -f &quot;/home/mion/s/143/kkamins1/Desktop/Mapy/Debug/Makefile&quot; clean" />
            <DistClean command="/usr/bin/make -f &quot;/home/mion/s/143/kkamins1/Desktop/Mapy/Debug/Makefile&quot; clean" />
         </MakeCommands>
      </Target>
      <Target title="test">
         <Option working_dir="/home/mion/s/143/kkamins1/Desktop/Mapy/Debug" />
         <Option type="4" />
         <MakeCommands>
            <Build command="/usr/bin/make -f &quot;/home/mion/s/143/kkamins1/Desktop/Mapy/Debug/Makefile&quot; test" />
            <CompileFile command="/usr/bin/make -f &quot;/home/mion/s/143/kkamins1/Desktop/Mapy/Debug/Makefile&quot; &quot;$file&quot;" />
            <Clean command="/usr/bin/make -f &quot;/home/mion/s/143/kkamins1/Desktop/Mapy/Debug/Makefile&quot; clean" />
            <DistClean command="/usr/bin/make -f &quot;/home/mion/s/143/kkamins1/Desktop/Mapy/Debug/Makefile&quot; clean" />
         </MakeCommands>
      </Target>
      <Target title="aisdiMaps">
         <Option output="/home/mion/s/143/kkamins1/Desktop/Mapy/Debug/src/aisdiMaps" prefix_auto="0" extension_auto="0" />
         <Option working_dir="/home/mion/s/143/kkamins1/Desktop/Mapy/Debug/src" />
         <Option object_output="./" />
         <Option type="1" />
         <Option compiler="gcc" />
         <Compiler>
            <Add directory="/home/mion/s/143/kkamins1/Desktop/Mapy/src" />
         </Compiler>
         <MakeCommands>
            <Build command="/usr/bin/make -f &quot;/home/mion/s/143/kkamins1/Desktop/Mapy/Debug/src/Makefile&quot; aisdiMaps" />
            <CompileFile command="/usr/bin/make -f &quot;/home/mion/s/143/kkamins1/Desktop/Mapy/Debug/src/Makefile&quot; &quot;$file&quot;" />
            <Clean command="/usr/bin/make -f &quot;/home/mion/s/143/kkamins1/Desktop/Mapy/Debug/src/Makefile&quot; clean" />
            <DistClean command="/usr/bin/make -f &quot;/home/mion/s/143/kkamins1/Desktop/Mapy/Debug/src/Makefile&quot; clean" />
         </MakeCommands>
      </Target>
      <Target title="aisdiMaps/fast">
         <Option output="/home/mion/s/143/kkamins1/Desktop/Mapy/Debug/src/aisdiMaps" prefix_auto="0" extension_auto="0" />
         <Option working_dir="/home/mion/s/143/kkamins1/Desktop/Mapy/Debug/src" />
         <Option object_output="./" />
         <Option type="1" />
         <Option compiler="gcc" />
         <Compiler>
            <Add directory="/home/mion/s/143/kkamins1/Desktop/Mapy/src" />
         </Compiler>
         <MakeCommands>
            <Build command="/usr/bin/make -f &quot;/home/mion/s/143/kkamins1/Desktop/Mapy/Debug/src/Makefile&quot; aisdiMaps/fast" />
            <CompileFile command="/usr/bin/make -f &quot;/home/mion/s/143/kkamins1/Desktop/Mapy/Debug/src/Makefile&quot; &quot;$file&quot;" />
            <Clean command="/usr/bin/make -f &quot;/home/mion/s/143/kkamins1/Desktop/Mapy/Debug/src/Makefile&quot; clean" />
            <DistClean command="/usr/bin/make -f &quot;/home/mion/s/143/kkamins1/Desktop/Mapy/Debug/src/Makefile&quot; clean" />
         </MakeCommands>
      </Target>
      <Target title="aisdiMapsTests">
         <Option output="/home/mion/s/143/kkamins1/Desktop/Mapy/Debug/tests/aisdiMapsTests" prefix_auto="0" extension_auto="0" />
         <Option working_dir="/home/mion/s/143/kkamins1/Desktop/Mapy/Debug/tests" />
         <Option object_output="./" />
         <Option type="1" />
         <Option compiler="gcc" />
         <Compiler>
            <Add directory="/home/mion/s/143/kkamins1/Desktop/Mapy/src" />
         </Compiler>
         <MakeCommands>
            <Build command="/usr/bin/make -f &quot;/home/mion/s/143/kkamins1/Desktop/Mapy/Debug/tests/Makefile&quot; aisdiMapsTests" />
            <CompileFile command="/usr/bin/make -f &quot;/home/mion/s/143/kkamins1/Desktop/Mapy/Debug/tests/Makefile&quot; &quot;$file&quot;" />
            <Clean command="/usr/bin/make -f &quot;/home/mion/s/143/kkamins1/Desktop/Mapy/Debug/tests/Makefile&quot; clean" />
            <DistClean command="/usr/bin/make -f &quot;/home/mion/s/143/kkamins1/Desktop/Mapy/Debug/tests/Makefile&quot; clean" />
         </MakeCommands>
      </Target>
      <Target title="aisdiMapsTests/fast">
         <Option output="/home/mion/s/143/kkamins1/Desktop/Mapy/Debug/tests/aisdiMapsTests" prefix_auto="0" extension_auto="0" />
         <Option working_dir="/home/mion/s/143/kkamins1/Desktop/Mapy/Debug/tests" />
         <Option object_output="./" />
         <Option type="1" />
         <Option compiler="gcc" />
         <Compiler>
            <Add directory="/home/mion/s/143/kkamins1/Desktop/Mapy/src" />
         </Compiler>
         <MakeCommands>
            <Build command="/usr/bin/make -f &quot;/home/mion/s/143/kkamins1/Desktop/Mapy/Debug/tests/Makefile&quot; aisdiMapsTests/fast" />
            <CompileFile command="/usr/bin/make -f &quot;/home/mion/s/143/kkamins1/Desktop/Mapy/Debug/tests/Makefile&quot; &quot;$file&quot;" />
            <Clean command="/usr/bin/make -f &quot;/home/mion/s/143/kkamins1/Desktop/Mapy/Debug/tests/Makefile&quot; clean" />
            <DistClean command="/usr/bin/make -f &quot;/home/mion/s/143/kkamins1/Desktop/Mapy/Debug/tests/Makefile&quot; clean" />
         </MakeCommands>
      </Target>
      <Target title="check">
         <Option working_dir="/home/mion/s/143/kkamins1/Desktop/Mapy/Debug/tests" />
         <Option type="4" />
         <MakeCommands>
            <Build command="/usr/bin/make -f &quot;/home/mion/s/143/kkamins1/Desktop/Mapy/Debug/tests/Makefile&quot; check" />
            <CompileFile command="/usr/bin/make -f &quot;/home/mion/s/143/kkamins1/Desktop/Mapy/Debug/tests/Makefile&quot; &quot;$file&quot;" />
            <Clean command="/usr/bin/make -f &quot;/home/mion/s/143/kkamins1/Desktop/Mapy/Debug/tests/Makefile&quot; clean" />
            <DistClean command="/usr/bin/make -f &quot;/home/mion/s/143/kkamins1/Desktop/Mapy/Debug/tests/Makefile&quot; clean" />
         </MakeCommands>
      </Target>
      </Build>
      <Unit filename="/home/mion/s/143/kkamins1/Desktop/Mapy/src/main.cpp">
      </Unit>
      <Unit filename="/home/mion/s/143/kkamins1/Desktop/Mapy/tests/HashMapTests.cpp">
      </Unit>
      <Unit filename="/home/mion/s/143/kkamins1/Desktop/Mapy/tests/TreeMapTests.cpp">
      </Unit>
      <Unit filename="/home/mion/s/143/kkamins1/Desktop/Mapy/tests/test_main.cpp">
      </Unit>
      <Unit filename="/home/mion/s/143/kkamins1/Desktop/Mapy/src/HashMap.h">
      </Unit>
      <Unit filename="/home/mion/s/143/kkamins1/Desktop/Mapy/src/TreeMap.h">
      </Unit>
      <Unit filename="/home/mion/s/143/kkamins1/Desktop/Mapy/CMakeLists.txt">
          <Option virtualFolder="CMake Files\" />
      </Unit>
      <Unit filename="/home/mion/s/143/kkamins1/Desktop/Mapy/src/CMakeLists.txt">
          <Option virtualFolder="CMake Files\src\" />
      </Unit>
      <Unit filename="/home/mion/s/143/kkamins1/Desktop/Mapy/tests/CMakeLists.txt">
          <Option virtualFolder="CMake Files\tests\" />
      </Unit>
   </Project>
</CodeBlocks_project_file>
